
Microsoft Visual Studio Solution File, Format Version 12.00
# Visual Studio Version 16
VisualStudioVersion = 16.0.28407.52
MinimumVisualStudioVersion = 10.0.40219.1
Project("{FAE04EC0-301F-11D3-BF4B-00C04F79EFBC}") = "MCClone.Client", "MCClone.Client\MCClone.Client.csproj", "{192B2333-3878-4F56-9A42-7E655EC8F196}"
EndProject
Project("{FAE04EC0-301F-11D3-BF4B-00C04F79EFBC}") = "MCClone.Mod", "MCClone.Mod\MCClone.Mod.csproj", "{4735E265-CCA6-45CF-A2FD-B41190787A5B}"
EndProject
Project("{FAE04EC0-301F-11D3-BF4B-00C04F79EFBC}") = "MCClone.Server", "MCClone.Server\MCClone.Server.csproj", "{9879FAC4-EC1E-4AA5-AAE3-C14CB9703812}"
EndProject
Project("{D954291E-2A0B-460D-934E-DC6B0785DB48}") = "MCClone", "MCClone\MCClone.shproj", "{69F021A0-A1B0-46FF-99A0-F0B8F13DEEF0}"
EndProject
Project("{FAE04EC0-301F-11D3-BF4B-00C04F79EFBC}") = "MCClone.TerrainGenTest", "MCClone.TerrainGenTest\MCClone.TerrainGenTest.csproj", "{A4433377-C9FD-4F96-B845-8ABF3BA91D64}"
EndProject
Global
	GlobalSection(SharedMSBuildProjectFiles) = preSolution
		MCClone\MCClone.projitems*{192b2333-3878-4f56-9a42-7e655ec8f196}*SharedItemsImports = 4
		MCClone\MCClone.projitems*{4735e265-cca6-45cf-a2fd-b41190787a5b}*SharedItemsImports = 4
		MCClone\MCClone.projitems*{69f021a0-a1b0-46ff-99a0-f0b8f13deef0}*SharedItemsImports = 13
		MCClone\MCClone.projitems*{9879fac4-ec1e-4aa5-aae3-c14cb9703812}*SharedItemsImports = 4
		MCClone\MCClone.projitems*{a4433377-c9fd-4f96-b845-8abf3ba91d64}*SharedItemsImports = 4
	EndGlobalSection
	GlobalSection(SolutionConfigurationPlatforms) = preSolution
		Debug NoDiscord|Any CPU = Debug NoDiscord|Any CPU
		Debug NoDiscord|x64 = Debug NoDiscord|x64
		Debug NoDiscord|x86 = Debug NoDiscord|x86
		Debug|Any CPU = Debug|Any CPU
		Debug|x64 = Debug|x64
		Debug|x86 = Debug|x86
		Release|Any CPU = Release|Any CPU
		Release|x64 = Release|x64
		Release|x86 = Release|x86
	EndGlobalSection
	GlobalSection(ProjectConfigurationPlatforms) = postSolution
		{192B2333-3878-4F56-9A42-7E655EC8F196}.Debug NoDiscord|Any CPU.ActiveCfg = Debug NoDiscord|Any CPU
		{192B2333-3878-4F56-9A42-7E655EC8F196}.Debug NoDiscord|Any CPU.Build.0 = Debug NoDiscord|Any CPU
		{192B2333-3878-4F56-9A42-7E655EC8F196}.Debug NoDiscord|x64.ActiveCfg = Debug NoDiscord|x64
		{192B2333-3878-4F56-9A42-7E655EC8F196}.Debug NoDiscord|x64.Build.0 = Debug NoDiscord|x64
		{192B2333-3878-4F56-9A42-7E655EC8F196}.Debug NoDiscord|x86.ActiveCfg = Debug NoDiscord|x86
		{192B2333-3878-4F56-9A42-7E655EC8F196}.Debug NoDiscord|x86.Build.0 = Debug NoDiscord|x86
		{192B2333-3878-4F56-9A42-7E655EC8F196}.Debug|Any CPU.ActiveCfg = Debug|Any CPU
		{192B2333-3878-4F56-9A42-7E655EC8F196}.Debug|Any CPU.Build.0 = Debug|Any CPU
		{192B2333-3878-4F56-9A42-7E655EC8F196}.Debug|x64.ActiveCfg = Debug|x64
		{192B2333-3878-4F56-9A42-7E655EC8F196}.Debug|x64.Build.0 = Debug|x64
		{192B2333-3878-4F56-9A42-7E655EC8F196}.Debug|x86.ActiveCfg = Debug|x86
		{192B2333-3878-4F56-9A42-7E655EC8F196}.Debug|x86.Build.0 = Debug|x86
		{192B2333-3878-4F56-9A42-7E655EC8F196}.Release|Any CPU.ActiveCfg = Release|Any CPU
		{192B2333-3878-4F56-9A42-7E655EC8F196}.Release|Any CPU.Build.0 = Release|Any CPU
		{192B2333-3878-4F56-9A42-7E655EC8F196}.Release|x64.ActiveCfg = Release|x64
		{192B2333-3878-4F56-9A42-7E655EC8F196}.Release|x64.Build.0 = Release|x64
		{192B2333-3878-4F56-9A42-7E655EC8F196}.Release|x86.ActiveCfg = Release|x86
		{192B2333-3878-4F56-9A42-7E655EC8F196}.Release|x86.Build.0 = Release|x86
		{4735E265-CCA6-45CF-A2FD-B41190787A5B}.Debug NoDiscord|Any CPU.ActiveCfg = Debug|Any CPU
		{4735E265-CCA6-45CF-A2FD-B41190787A5B}.Debug NoDiscord|Any CPU.Build.0 = Debug|Any CPU
		{4735E265-CCA6-45CF-A2FD-B41190787A5B}.Debug NoDiscord|x64.ActiveCfg = Debug|Any CPU
		{4735E265-CCA6-45CF-A2FD-B41190787A5B}.Debug NoDiscord|x64.Build.0 = Debug|Any CPU
		{4735E265-CCA6-45CF-A2FD-B41190787A5B}.Debug NoDiscord|x86.ActiveCfg = Debug|Any CPU
		{4735E265-CCA6-45CF-A2FD-B41190787A5B}.Debug NoDiscord|x86.Build.0 = Debug|Any CPU
		{4735E265-CCA6-45CF-A2FD-B41190787A5B}.Debug|Any CPU.ActiveCfg = Debug|Any CPU
		{4735E265-CCA6-45CF-A2FD-B41190787A5B}.Debug|Any CPU.Build.0 = Debug|Any CPU
		{4735E265-CCA6-45CF-A2FD-B41190787A5B}.Debug|x64.ActiveCfg = Debug|Any CPU
		{4735E265-CCA6-45CF-A2FD-B41190787A5B}.Debug|x64.Build.0 = Debug|Any CPU
		{4735E265-CCA6-45CF-A2FD-B41190787A5B}.Debug|x86.ActiveCfg = Debug|Any CPU
		{4735E265-CCA6-45CF-A2FD-B41190787A5B}.Debug|x86.Build.0 = Debug|Any CPU
		{4735E265-CCA6-45CF-A2FD-B41190787A5B}.Release|Any CPU.ActiveCfg = Release|Any CPU
		{4735E265-CCA6-45CF-A2FD-B41190787A5B}.Release|Any CPU.Build.0 = Release|Any CPU
		{4735E265-CCA6-45CF-A2FD-B41190787A5B}.Release|x64.ActiveCfg = Release|Any CPU
		{4735E265-CCA6-45CF-A2FD-B41190787A5B}.Release|x64.Build.0 = Release|Any CPU
		{4735E265-CCA6-45CF-A2FD-B41190787A5B}.Release|x86.ActiveCfg = Release|Any CPU
		{4735E265-CCA6-45CF-A2FD-B41190787A5B}.Release|x86.Build.0 = Release|Any CPU
		{9879FAC4-EC1E-4AA5-AAE3-C14CB9703812}.Debug NoDiscord|Any CPU.ActiveCfg = Debug|Any CPU
		{9879FAC4-EC1E-4AA5-AAE3-C14CB9703812}.Debug NoDiscord|Any CPU.Build.0 = Debug|Any CPU
		{9879FAC4-EC1E-4AA5-AAE3-C14CB9703812}.Debug NoDiscord|x64.ActiveCfg = Debug|Any CPU
		{9879FAC4-EC1E-4AA5-AAE3-C14CB9703812}.Debug NoDiscord|x64.Build.0 = Debug|Any CPU
		{9879FAC4-EC1E-4AA5-AAE3-C14CB9703812}.Debug NoDiscord|x86.ActiveCfg = Debug|Any CPU
		{9879FAC4-EC1E-4AA5-AAE3-C14CB9703812}.Debug NoDiscord|x86.Build.0 = Debug|Any CPU
		{9879FAC4-EC1E-4AA5-AAE3-C14CB9703812}.Debug|Any CPU.ActiveCfg = Debug|Any CPU
		{9879FAC4-EC1E-4AA5-AAE3-C14CB9703812}.Debug|Any CPU.Build.0 = Debug|Any CPU
		{9879FAC4-EC1E-4AA5-AAE3-C14CB9703812}.Debug|x64.ActiveCfg = Debug|Any CPU
		{9879FAC4-EC1E-4AA5-AAE3-C14CB9703812}.Debug|x64.Build.0 = Debug|Any CPU
		{9879FAC4-EC1E-4AA5-AAE3-C14CB9703812}.Debug|x86.ActiveCfg = Debug|Any CPU
		{9879FAC4-EC1E-4AA5-AAE3-C14CB9703812}.Debug|x86.Build.0 = Debug|Any CPU
		{9879FAC4-EC1E-4AA5-AAE3-C14CB9703812}.Release|Any CPU.ActiveCfg = Release|Any CPU
		{9879FAC4-EC1E-4AA5-AAE3-C14CB9703812}.Release|Any CPU.Build.0 = Release|Any CPU
		{9879FAC4-EC1E-4AA5-AAE3-C14CB9703812}.Release|x64.ActiveCfg = Release|Any CPU
		{9879FAC4-EC1E-4AA5-AAE3-C14CB9703812}.Release|x64.Build.0 = Release|Any CPU
		{9879FAC4-EC1E-4AA5-AAE3-C14CB9703812}.Release|x86.ActiveCfg = Release|Any CPU
		{9879FAC4-EC1E-4AA5-AAE3-C14CB9703812}.Release|x86.Build.0 = Release|Any CPU
		{A4433377-C9FD-4F96-B845-8ABF3BA91D64}.Debug NoDiscord|Any CPU.ActiveCfg = Debug|Any CPU
		{A4433377-C9FD-4F96-B845-8ABF3BA91D64}.Debug NoDiscord|Any CPU.Build.0 = Debug|Any CPU
		{A4433377-C9FD-4F96-B845-8ABF3BA91D64}.Debug NoDiscord|x64.ActiveCfg = Debug|Any CPU
		{A4433377-C9FD-4F96-B845-8ABF3BA91D64}.Debug NoDiscord|x64.Build.0 = Debug|Any CPU
		{A4433377-C9FD-4F96-B845-8ABF3BA91D64}.Debug NoDiscord|x86.ActiveCfg = Debug|Any CPU
		{A4433377-C9FD-4F96-B845-8ABF3BA91D64}.Debug NoDiscord|x86.Build.0 = Debug|Any CPU
		{A4433377-C9FD-4F96-B845-8ABF3BA91D64}.Debug|Any CPU.ActiveCfg = Debug|Any CPU
		{A4433377-C9FD-4F96-B845-8ABF3BA91D64}.Debug|Any CPU.Build.0 = Debug|Any CPU
		{A4433377-C9FD-4F96-B845-8ABF3BA91D64}.Debug|x64.ActiveCfg = Debug|Any CPU
		{A4433377-C9FD-4F96-B845-8ABF3BA91D64}.Debug|x64.Build.0 = Debug|Any CPU
		{A4433377-C9FD-4F96-B845-8ABF3BA91D64}.Debug|x86.ActiveCfg = Debug|Any CPU
		{A4433377-C9FD-4F96-B845-8ABF3BA91D64}.Debug|x86.Build.0 = Debug|Any CPU
		{A4433377-C9FD-4F96-B845-8ABF3BA91D64}.Release|Any CPU.ActiveCfg = Release|Any CPU
		{A4433377-C9FD-4F96-B845-8ABF3BA91D64}.Release|Any CPU.Build.0 = Release|Any CPU
		{A4433377-C9FD-4F96-B845-8ABF3BA91D64}.Release|x64.ActiveCfg = Release|Any CPU
		{A4433377-C9FD-4F96-B845-8ABF3BA91D64}.Release|x64.Build.0 = Release|Any CPU
		{A4433377-C9FD-4F96-B845-8ABF3BA91D64}.Release|x86.ActiveCfg = Release|Any CPU
		{A4433377-C9FD-4F96-B845-8ABF3BA91D64}.Release|x86.Build.0 = Release|Any CPU
	EndGlobalSection
	GlobalSection(SolutionProperties) = preSolution
		HideSolutionNode = FALSE
	EndGlobalSection
	GlobalSection(ExtensibilityGlobals) = postSolution
		SolutionGuid = {8B3BC0D9-D872-4F3E-9BF0-7D7D27A62357}
	EndGlobalSection
EndGlobal
